
Microsoft Visual Studio Solution File, Format Version 11.00
# Visual Studio 2010
Project("{F184B08F-C81C-45F6-A57F-5ABD9991F28F}") = "GlobalHook20", "GlobalHook20\GlobalHook20.vbproj", "{D6C3CC76-F808-4857-9E99-5F7D632182F7}"
EndProject
Global
	GlobalSection(SolutionConfigurationPlatforms) = preSolution
		Debug|Any CPU = Debug|Any CPU
		Release|Any CPU = Release|Any CPU
	EndGlobalSection
	GlobalSection(ProjectConfigurationPlatforms) = postSolution
		{D6C3CC76-F808-4857-9E99-5F7D632182F7}.Debug|Any CPU.ActiveCfg = Debug|Any CPU
		{D6C3CC76-F808-4857-9E99-5F7D632182F7}.Debug|Any CPU.Build.0 = Debug|Any CPU
		{D6C3CC76-F808-4857-9E99-5F7D632182F7}.Release|Any CPU.ActiveCfg = Release|Any CPU
		{D6C3CC76-F808-4857-9E99-5F7D632182F7}.Release|Any CPU.Build.0 = Release|Any CPU
	EndGlobalSection
	GlobalSection(SolutionProperties) = preSolution
		HideSolutionNode = FALSE
	EndGlobalSection
EndGlobal
